
Microsoft Visual Studio Solution File, Format Version 12.00
Project("{2150E333-8FDC-42A3-9474-1A3956D46DE8}") = "src", "src", "{EB36040F-91FA-4925-B3C2-0AC2352BC016}"
EndProject
Project("{2150E333-8FDC-42A3-9474-1A3956D46DE8}") = "app-host", "app-host", "{CE3E5AE9-0F6B-4DD8-A3F9-17CFAEC4DD26}"
EndProject
Project("{FAE04EC0-301F-11D3-BF4B-00C04F79EFBC}") = "AppHost", "src\app-host\AppHost\AppHost.csproj", "{BCDBE483-CB1C-4255-8E66-D8B93BA8AAE9}"
EndProject
Project("{2150E333-8FDC-42A3-9474-1A3956D46DE8}") = "Solution Items", "Solution Items", "{173CE1B7-CD1D-4F1E-9A88-BF99E0DFCE7C}"
	ProjectSection(SolutionItems) = preProject
		.editorconfig = .editorconfig
		Directory.Build.props = Directory.Build.props
		Directory.Packages.props = Directory.Packages.props
		NuGet.config = NuGet.config
	EndProjectSection
EndProject
Project("{2150E333-8FDC-42A3-9474-1A3956D46DE8}") = "service-defaults", "service-defaults", "{CB67FB51-1F0C-4689-84AB-93A617A6FB58}"
EndProject
Project("{FAE04EC0-301F-11D3-BF4B-00C04F79EFBC}") = "ServiceDefaults", "src\service-defaults\ServiceDefaults\ServiceDefaults.csproj", "{82453D9D-C9B5-4019-9205-BD27458274C9}"
EndProject
Project("{2150E333-8FDC-42A3-9474-1A3956D46DE8}") = "catalog-api", "catalog-api", "{82F048FF-66DF-45E8-9E48-68C3BBD9087E}"
EndProject
Project("{FAE04EC0-301F-11D3-BF4B-00C04F79EFBC}") = "Catalog.API", "src\catalog-api\Catalog.API\Catalog.API.csproj", "{8E9FB96C-528F-49E2-A026-549D9678661C}"
EndProject
Project("{2150E333-8FDC-42A3-9474-1A3956D46DE8}") = "cart-api", "cart-api", "{272D7099-4061-4EED-BEFA-791BB88F929A}"
EndProject
Project("{FAE04EC0-301F-11D3-BF4B-00C04F79EFBC}") = "Cart.API", "src\cart-api\Cart.API\Cart.API.csproj", "{A1926D56-FE58-4B7E-93DB-F7B94C6425F2}"
EndProject
Global
	GlobalSection(SolutionConfigurationPlatforms) = preSolution
		Debug|Any CPU = Debug|Any CPU
		Release|Any CPU = Release|Any CPU
	EndGlobalSection
	GlobalSection(ProjectConfigurationPlatforms) = postSolution
		{BCDBE483-CB1C-4255-8E66-D8B93BA8AAE9}.Debug|Any CPU.ActiveCfg = Debug|Any CPU
		{BCDBE483-CB1C-4255-8E66-D8B93BA8AAE9}.Debug|Any CPU.Build.0 = Debug|Any CPU
		{BCDBE483-CB1C-4255-8E66-D8B93BA8AAE9}.Release|Any CPU.ActiveCfg = Release|Any CPU
		{BCDBE483-CB1C-4255-8E66-D8B93BA8AAE9}.Release|Any CPU.Build.0 = Release|Any CPU
		{82453D9D-C9B5-4019-9205-BD27458274C9}.Debug|Any CPU.ActiveCfg = Debug|Any CPU
		{82453D9D-C9B5-4019-9205-BD27458274C9}.Debug|Any CPU.Build.0 = Debug|Any CPU
		{82453D9D-C9B5-4019-9205-BD27458274C9}.Release|Any CPU.ActiveCfg = Release|Any CPU
		{82453D9D-C9B5-4019-9205-BD27458274C9}.Release|Any CPU.Build.0 = Release|Any CPU
		{8E9FB96C-528F-49E2-A026-549D9678661C}.Debug|Any CPU.ActiveCfg = Debug|Any CPU
		{8E9FB96C-528F-49E2-A026-549D9678661C}.Debug|Any CPU.Build.0 = Debug|Any CPU
		{8E9FB96C-528F-49E2-A026-549D9678661C}.Release|Any CPU.ActiveCfg = Release|Any CPU
		{8E9FB96C-528F-49E2-A026-549D9678661C}.Release|Any CPU.Build.0 = Release|Any CPU
		{A1926D56-FE58-4B7E-93DB-F7B94C6425F2}.Debug|Any CPU.ActiveCfg = Debug|Any CPU
		{A1926D56-FE58-4B7E-93DB-F7B94C6425F2}.Debug|Any CPU.Build.0 = Debug|Any CPU
		{A1926D56-FE58-4B7E-93DB-F7B94C6425F2}.Release|Any CPU.ActiveCfg = Release|Any CPU
		{A1926D56-FE58-4B7E-93DB-F7B94C6425F2}.Release|Any CPU.Build.0 = Release|Any CPU
	EndGlobalSection
	GlobalSection(NestedProjects) = preSolution
		{CE3E5AE9-0F6B-4DD8-A3F9-17CFAEC4DD26} = {EB36040F-91FA-4925-B3C2-0AC2352BC016}
		{BCDBE483-CB1C-4255-8E66-D8B93BA8AAE9} = {CE3E5AE9-0F6B-4DD8-A3F9-17CFAEC4DD26}
		{CB67FB51-1F0C-4689-84AB-93A617A6FB58} = {EB36040F-91FA-4925-B3C2-0AC2352BC016}
		{82453D9D-C9B5-4019-9205-BD27458274C9} = {CB67FB51-1F0C-4689-84AB-93A617A6FB58}
		{82F048FF-66DF-45E8-9E48-68C3BBD9087E} = {EB36040F-91FA-4925-B3C2-0AC2352BC016}
		{8E9FB96C-528F-49E2-A026-549D9678661C} = {82F048FF-66DF-45E8-9E48-68C3BBD9087E}
		{272D7099-4061-4EED-BEFA-791BB88F929A} = {EB36040F-91FA-4925-B3C2-0AC2352BC016}
		{A1926D56-FE58-4B7E-93DB-F7B94C6425F2} = {272D7099-4061-4EED-BEFA-791BB88F929A}
	EndGlobalSection
EndGlobal
